
Microsoft Visual Studio Solution File, Format Version 12.00
# Visual Studio Version 17
VisualStudioVersion = 17.0.31903.59
MinimumVisualStudioVersion = 10.0.40219.1
Project("{2150E333-8FDC-42A3-9474-1A3956D46DE8}") = "apps", "apps", "{39F7C8B2-C3A8-4425-8376-CE57586D8787}"
EndProject
Project("{FAE04EC0-301F-11D3-BF4B-00C04F79EFBC}") = "consoleApp", "apps\consoleApp\consoleApp.csproj", "{9A8F677E-F3B5-4F65-8093-2DF4B5396ECF}"
EndProject
Project("{FAE04EC0-301F-11D3-BF4B-00C04F79EFBC}") = "webapi", "apps\webapi\webapi.csproj", "{40793343-0BCF-4EAB-9537-BE6E8E766B14}"
EndProject
Project("{FAE04EC0-301F-11D3-BF4B-00C04F79EFBC}") = "worker", "apps\worker\worker.csproj", "{DB1190C9-C549-4FA0-A75F-9EE9B455D68B}"
EndProject
Project("{2150E333-8FDC-42A3-9474-1A3956D46DE8}") = "core", "core", "{2B58A63B-A76A-4BB1-88B2-78A77557FE61}"
EndProject
Project("{FAE04EC0-301F-11D3-BF4B-00C04F79EFBC}") = "domain", "core\domain\domain.csproj", "{AEFC6840-5121-4471-A641-BB3370E7C6F2}"
EndProject
Project("{FAE04EC0-301F-11D3-BF4B-00C04F79EFBC}") = "business", "core\business\business.csproj", "{32129A70-91FF-4F34-9120-A707620A0F56}"
EndProject
Project("{2150E333-8FDC-42A3-9474-1A3956D46DE8}") = "infra", "infra", "{549AB751-D31B-459C-8F60-3F3D3FE70F6C}"
EndProject
Project("{FAE04EC0-301F-11D3-BF4B-00C04F79EFBC}") = "manageMQ", "infra\manageMQ\manageMQ.csproj", "{89096106-02E9-4EA1-B3E5-405B98BD4C2C}"
EndProject
Project("{FAE04EC0-301F-11D3-BF4B-00C04F79EFBC}") = "persistance", "infra\persistance\persistance.csproj", "{9CB731EC-7E1A-452A-ABA1-70849E4C5B66}"
EndProject
Global
	GlobalSection(SolutionConfigurationPlatforms) = preSolution
		Debug|Any CPU = Debug|Any CPU
		Release|Any CPU = Release|Any CPU
	EndGlobalSection
	GlobalSection(SolutionProperties) = preSolution
		HideSolutionNode = FALSE
	EndGlobalSection
	GlobalSection(ProjectConfigurationPlatforms) = postSolution
		{9A8F677E-F3B5-4F65-8093-2DF4B5396ECF}.Debug|Any CPU.ActiveCfg = Debug|Any CPU
		{9A8F677E-F3B5-4F65-8093-2DF4B5396ECF}.Debug|Any CPU.Build.0 = Debug|Any CPU
		{9A8F677E-F3B5-4F65-8093-2DF4B5396ECF}.Release|Any CPU.ActiveCfg = Release|Any CPU
		{9A8F677E-F3B5-4F65-8093-2DF4B5396ECF}.Release|Any CPU.Build.0 = Release|Any CPU
		{40793343-0BCF-4EAB-9537-BE6E8E766B14}.Debug|Any CPU.ActiveCfg = Debug|Any CPU
		{40793343-0BCF-4EAB-9537-BE6E8E766B14}.Debug|Any CPU.Build.0 = Debug|Any CPU
		{40793343-0BCF-4EAB-9537-BE6E8E766B14}.Release|Any CPU.ActiveCfg = Release|Any CPU
		{40793343-0BCF-4EAB-9537-BE6E8E766B14}.Release|Any CPU.Build.0 = Release|Any CPU
		{DB1190C9-C549-4FA0-A75F-9EE9B455D68B}.Debug|Any CPU.ActiveCfg = Debug|Any CPU
		{DB1190C9-C549-4FA0-A75F-9EE9B455D68B}.Debug|Any CPU.Build.0 = Debug|Any CPU
		{DB1190C9-C549-4FA0-A75F-9EE9B455D68B}.Release|Any CPU.ActiveCfg = Release|Any CPU
		{DB1190C9-C549-4FA0-A75F-9EE9B455D68B}.Release|Any CPU.Build.0 = Release|Any CPU
		{AEFC6840-5121-4471-A641-BB3370E7C6F2}.Debug|Any CPU.ActiveCfg = Debug|Any CPU
		{AEFC6840-5121-4471-A641-BB3370E7C6F2}.Debug|Any CPU.Build.0 = Debug|Any CPU
		{AEFC6840-5121-4471-A641-BB3370E7C6F2}.Release|Any CPU.ActiveCfg = Release|Any CPU
		{AEFC6840-5121-4471-A641-BB3370E7C6F2}.Release|Any CPU.Build.0 = Release|Any CPU
		{32129A70-91FF-4F34-9120-A707620A0F56}.Debug|Any CPU.ActiveCfg = Debug|Any CPU
		{32129A70-91FF-4F34-9120-A707620A0F56}.Debug|Any CPU.Build.0 = Debug|Any CPU
		{32129A70-91FF-4F34-9120-A707620A0F56}.Release|Any CPU.ActiveCfg = Release|Any CPU
		{32129A70-91FF-4F34-9120-A707620A0F56}.Release|Any CPU.Build.0 = Release|Any CPU
		{89096106-02E9-4EA1-B3E5-405B98BD4C2C}.Debug|Any CPU.ActiveCfg = Debug|Any CPU
		{89096106-02E9-4EA1-B3E5-405B98BD4C2C}.Debug|Any CPU.Build.0 = Debug|Any CPU
		{89096106-02E9-4EA1-B3E5-405B98BD4C2C}.Release|Any CPU.ActiveCfg = Release|Any CPU
		{89096106-02E9-4EA1-B3E5-405B98BD4C2C}.Release|Any CPU.Build.0 = Release|Any CPU
		{9CB731EC-7E1A-452A-ABA1-70849E4C5B66}.Debug|Any CPU.ActiveCfg = Debug|Any CPU
		{9CB731EC-7E1A-452A-ABA1-70849E4C5B66}.Debug|Any CPU.Build.0 = Debug|Any CPU
		{9CB731EC-7E1A-452A-ABA1-70849E4C5B66}.Release|Any CPU.ActiveCfg = Release|Any CPU
		{9CB731EC-7E1A-452A-ABA1-70849E4C5B66}.Release|Any CPU.Build.0 = Release|Any CPU
	EndGlobalSection
	GlobalSection(NestedProjects) = preSolution
		{9A8F677E-F3B5-4F65-8093-2DF4B5396ECF} = {39F7C8B2-C3A8-4425-8376-CE57586D8787}
		{40793343-0BCF-4EAB-9537-BE6E8E766B14} = {39F7C8B2-C3A8-4425-8376-CE57586D8787}
		{DB1190C9-C549-4FA0-A75F-9EE9B455D68B} = {39F7C8B2-C3A8-4425-8376-CE57586D8787}
		{AEFC6840-5121-4471-A641-BB3370E7C6F2} = {2B58A63B-A76A-4BB1-88B2-78A77557FE61}
		{32129A70-91FF-4F34-9120-A707620A0F56} = {2B58A63B-A76A-4BB1-88B2-78A77557FE61}
		{89096106-02E9-4EA1-B3E5-405B98BD4C2C} = {549AB751-D31B-459C-8F60-3F3D3FE70F6C}
		{9CB731EC-7E1A-452A-ABA1-70849E4C5B66} = {549AB751-D31B-459C-8F60-3F3D3FE70F6C}
	EndGlobalSection
EndGlobal
